PODS:
  - Alamofire (4.7.0)
  - AlamofireObjectMapper (5.0.0):
    - Alamofire (~> 4.1)
    - ObjectMapper (~> 3.0)
  - Kingfisher (4.6.3)
  - NVActivityIndicatorView (4.1.1):
    - NVActivityIndicatorView/Presenter (= 4.1.1)
  - NVActivityIndicatorView/Presenter (4.1.1)
  - ObjectMapper (3.1.0)
  - Realm (3.1.1):
    - Realm/Headers (= 3.1.1)
  - Realm/Headers (3.1.1)
  - RealmSwift (3.1.1):
    - Realm (= 3.1.1)
  - SwiftyJSON (4.0.0)
  - Toast-Swift (3.0.1)

DEPENDENCIES:
  - Alamofire
  - AlamofireObjectMapper
  - Kingfisher
  - NVActivityIndicatorView
  - ObjectMapper
  - RealmSwift
  - SwiftyJSON
  - Toast-Swift

SPEC REPOS:
  https://github.com/CocoaPods/Specs.git:
    - Alamofire
    - AlamofireObjectMapper
    - Kingfisher
    - NVActivityIndicatorView
    - ObjectMapper
    - SwiftyJSON
    - Toast-Swift

SPEC CHECKSUMS:
  Alamofire: 907e0a98eb68cdb7f9d1f541a563d6ac5dc77b25
  AlamofireObjectMapper: 5fafc816351cbbc0d486611aaeba7461c0cbad49
  Kingfisher: 98e6d5b5e807645743e8ed5ececd25d688d38452
  NVActivityIndicatorView: 60109b9bf46efc2e71ab81453196ccdfdfeea870
  ObjectMapper: 20505058f54e5c3ca69e1d6de9897d152a5369a6
  Realm: 42d1c38a5b1bbcc828b48a7ce702cb86fc68adf4
  RealmSwift: d31937ca6a6ee54acde64ec839523c0a3c04924b
  SwiftyJSON: 070dabdcb1beb81b247c65ffa3a79dbbfb3b48aa
  Toast-Swift: ba0b01b095aada709d915f9beb1d38184a2721c3

PODFILE CHECKSUM: e4b6efc3d94a68587c2b0fd09da3cedabe5e3eb2

COCOAPODS: 1.5.0
